{
  "object": {
    "pins": [
      {
        "package": "Gzip",
        "repositoryURL": "https://github.com/1024jp/GzipSwift.git",
        "state": {
          "branch": null,
          "revision": "7a7f17761c76a932662ab77028a4329f67d645a4",
          "version": "5.2.0"
        }
      }
    ]
  },
  "version": 1
}
